{
  "name": "ai-harness",
  "version": "1.0.0",
  "lockfileVersion": 3,
  "requires": true,
  "packages": {
    "": {
      "name": "ai-harness",
      "version": "1.0.0",
      "license": "ISC",
      "devDependencies": {
        "@typescript/native-preview": "^7.0.0-dev.20260603.1",
        "typescript": "^6.0.3"
      }
    },
    "node_modules/@typescript/native-preview": {
      "version": "7.0.0-dev.20260603.1",
      "resolved": "https://registry.npmjs.org/@typescript/native-preview/-/native-preview-7.0.0-dev.20260603.1.tgz",
      "integrity": "sha512-CO519Ccw5rji4JIG0DGVMR5owraCeQhm94jM53eRhMdlzz0nAJcAZ63Y6m1u3dUwqGssqlYxh4CcwTFPxTpMYw==",
      "dev": true,
      "license": "Apache-2.0",
      "bin": {
        "tsgo": "bin/tsgo.js"
      },
      "engines": {
        "node": ">=16.20.0"
      },
      "optionalDependencies": {
        "@typescript/native-preview-darwin-arm64": "7.0.0-dev.20260603.1",
        "@typescript/native-preview-darwin-x64": "7.0.0-dev.20260603.1",
        "@typescript/native-preview-linux-arm": "7.0.0-dev.20260603.1",
        "@typescript/native-preview-linux-arm64": "7.0.0-dev.20260603.1",
        "@typescript/native-preview-linux-x64": "7.0.0-dev.20260603.1",
        "@typescript/native-preview-win32-arm64": "7.0.0-dev.20260603.1",
        "@typescript/native-preview-win32-x64": "7.0.0-dev.20260603.1"
      }
    },
    "node_modules/@typescript/native-preview-darwin-arm64": {
      "version": "7.0.0-dev.20260603.1",
      "resolved": "https://registry.npmjs.org/@typescript/native-preview-darwin-arm64/-/native-preview-darwin-arm64-7.0.0-dev.20260603.1.tgz",
      "integrity": "sha512-BvaaQAHWaHA0nl26DsWTsXsKkCHqUTm7f5FMuNDyCU83Hvo7zHx0vpSTrzL+1KEWeWLUVVGA7U224dk+3yIosQ==",
      "cpu": [
        "arm64"
      ],
      "dev": true,
      "license": "Apache-2.0",
      "optional": true,
      "os": [
        "darwin"
      ],
      "engines": {
        "node": ">=16.20.0"
      }
    },
    "node_modules/@typescript/native-preview-darwin-x64": {
      "version": "7.0.0-dev.20260603.1",
      "resolved": "https://registry.npmjs.org/@typescript/native-preview-darwin-x64/-/native-preview-darwin-x64-7.0.0-dev.20260603.1.tgz",
      "integrity": "sha512-a2JJezvJAqWXgTAD1tKdWs7iA/4s3EakLcCYx4rg3ptEbBF6ADWv7A9ySHxT/+CQWYCD0DYIb9du1JUWL85fRw==",
      "cpu": [
        "x64"
      ],
      "dev": true,
      "license": "Apache-2.0",
      "optional": true,
      "os": [
        "darwin"
      ],
      "engines": {
        "node": ">=16.20.0"
      }
    },
    "node_modules/@typescript/native-preview-linux-arm": {
      "version": "7.0.0-dev.20260603.1",
      "resolved": "https://registry.npmjs.org/@typescript/native-preview-linux-arm/-/native-preview-linux-arm-7.0.0-dev.20260603.1.tgz",
      "integrity": "sha512-GLsTfJQiGfTN+r1ezlxMcTd5MNYRB/tADD6Y1j1jfLjZsFYSVkNfCnDQA/jwUG6GddBBF+0Um7tBUP16emej9w==",
      "cpu": [
        "arm"
      ],
      "dev": true,
      "license": "Apache-2.0",
      "optional": true,
      "os": [
        "linux"
      ],
      "engines": {
        "node": ">=16.20.0"
      }
    },
    "node_modules/@typescript/native-preview-linux-arm64": {
      "version": "7.0.0-dev.20260603.1",
      "resolved": "https://registry.npmjs.org/@typescript/native-preview-linux-arm64/-/native-preview-linux-arm64-7.0.0-dev.20260603.1.tgz",
      "integrity": "sha512-MQ0JcRucLdcR6MT14wlrGNz9HaxJrFF8Axmo0IN6e5gSou2UrKKUvvAH1i8zU5Gm7jl8CWCLzzX/qGCi1TsinA==",
      "cpu": [
        "arm64"
      ],
      "dev": true,
      "license": "Apache-2.0",
      "optional": true,
      "os": [
        "linux"
      ],
      "engines": {
        "node": ">=16.20.0"
      }
    },
    "node_modules/@typescript/native-preview-linux-x64": {
      "version": "7.0.0-dev.20260603.1",
      "resolved": "https://registry.npmjs.org/@typescript/native-preview-linux-x64/-/native-preview-linux-x64-7.0.0-dev.20260603.1.tgz",
      "integrity": "sha512-u6gvCiVGSDagdR2+GI5VJLPxJbGevATJgjZ2QFLKBLWI3re7liTGlPAuaINNDq/r0m9rUPj2rEn0zwqtcLK0nQ==",
      "cpu": [
        "x64"
      ],
      "dev": true,
      "license": "Apache-2.0",
      "optional": true,
      "os": [
        "linux"
      ],
      "engines": {
        "node": ">=16.20.0"
      }
    },
    "node_modules/@typescript/native-preview-win32-arm64": {
      "version": "7.0.0-dev.20260603.1",
      "resolved": "https://registry.npmjs.org/@typescript/native-preview-win32-arm64/-/native-preview-win32-arm64-7.0.0-dev.20260603.1.tgz",
      "integrity": "sha512-slxm6HBYs+jk0GpIBC2o03uY5qHgW7wIH+OTjK8JHbd2sUCgYV7P7bfZHUVZYi/cJZcVrnDW6MxXx734TuFn+w==",
      "cpu": [
        "arm64"
      ],
      "dev": true,
      "license": "Apache-2.0",
      "optional": true,
      "os": [
        "win32"
      ],
      "engines": {
        "node": ">=16.20.0"
      }
    },
    "node_modules/@typescript/native-preview-win32-x64": {
      "version": "7.0.0-dev.20260603.1",
      "resolved": "https://registry.npmjs.org/@typescript/native-preview-win32-x64/-/native-preview-win32-x64-7.0.0-dev.20260603.1.tgz",
      "integrity": "sha512-G7SDZJn2Z9+c1qsAFzI/JL0OsRjJ18diQ39ycWKmJikilZZeL7iS7j933bemWY4ODaLTfxhMRKPMHf9292gpDA==",
      "cpu": [
        "x64"
      ],
      "dev": true,
      "license": "Apache-2.0",
      "optional": true,
      "os": [
        "win32"
      ],
      "engines": {
        "node": ">=16.20.0"
      }
    },
    "node_modules/typescript": {
      "version": "6.0.3",
      "resolved": "https://registry.npmjs.org/typescript/-/typescript-6.0.3.tgz",
      "integrity": "sha512-y2TvuxSZPDyQakkFRPZHKFm+KKVqIisdg9/CZwm9ftvKXLP8NRWj38/ODjNbr43SsoXqNuAisEf1GdCxqWcdBw==",
      "dev": true,
      "license": "Apache-2.0",
      "bin": {
        "tsc": "bin/tsc",
        "tsserver": "bin/tsserver"
      },
      "engines": {
        "node": ">=14.17"
      }
    }
  }
}
